
Microsoft Visual Studio Solution File, Format Version 12.00
# Visual Studio 14
VisualStudioVersion = 14.0.24720.0
MinimumVisualStudioVersion = 10.0.40219.1
Project("{FAE04EC0-301F-11D3-BF4B-00C04F79EFBC}") = "Rabbit", "Rabbit\Rabbit.csproj", "{C5D97ED6-21B6-4B56-AEAF-DBE0B0929112}"
EndProject
Project("{FAE04EC0-301F-11D3-BF4B-00C04F79EFBC}") = "Consumer", "Consumer\Consumer.csproj", "{CBBE5072-6EAA-4D08-B722-108AAB1537EC}"
EndProject
Project("{FAE04EC0-301F-11D3-BF4B-00C04F79EFBC}") = "Consumer2", "Consumer2\Consumer2.csproj", "{6F8E6151-CEBC-4945-82FA-5B923863F9DD}"
EndProject
Global
	GlobalSection(SolutionConfigurationPlatforms) = preSolution
		Debug|Any CPU = Debug|Any CPU
		Release|Any CPU = Release|Any CPU
	EndGlobalSection
	GlobalSection(ProjectConfigurationPlatforms) = postSolution
		{C5D97ED6-21B6-4B56-AEAF-DBE0B0929112}.Debug|Any CPU.ActiveCfg = Debug|Any CPU
		{C5D97ED6-21B6-4B56-AEAF-DBE0B0929112}.Debug|Any CPU.Build.0 = Debug|Any CPU
		{C5D97ED6-21B6-4B56-AEAF-DBE0B0929112}.Release|Any CPU.ActiveCfg = Release|Any CPU
		{C5D97ED6-21B6-4B56-AEAF-DBE0B0929112}.Release|Any CPU.Build.0 = Release|Any CPU
		{CBBE5072-6EAA-4D08-B722-108AAB1537EC}.Debug|Any CPU.ActiveCfg = Debug|Any CPU
		{CBBE5072-6EAA-4D08-B722-108AAB1537EC}.Debug|Any CPU.Build.0 = Debug|Any CPU
		{CBBE5072-6EAA-4D08-B722-108AAB1537EC}.Release|Any CPU.ActiveCfg = Release|Any CPU
		{CBBE5072-6EAA-4D08-B722-108AAB1537EC}.Release|Any CPU.Build.0 = Release|Any CPU
		{6F8E6151-CEBC-4945-82FA-5B923863F9DD}.Debug|Any CPU.ActiveCfg = Debug|Any CPU
		{6F8E6151-CEBC-4945-82FA-5B923863F9DD}.Debug|Any CPU.Build.0 = Debug|Any CPU
		{6F8E6151-CEBC-4945-82FA-5B923863F9DD}.Release|Any CPU.ActiveCfg = Release|Any CPU
		{6F8E6151-CEBC-4945-82FA-5B923863F9DD}.Release|Any CPU.Build.0 = Release|Any CPU
	EndGlobalSection
	GlobalSection(SolutionProperties) = preSolution
		HideSolutionNode = FALSE
	EndGlobalSection
EndGlobal
